{
  "object": {
    "pins": [
      {
        "package": "MCLSwiftWrapper",
        "repositoryURL": "https://github.com/anquii/MCLSwiftWrapper.git",
        "state": {
          "branch": null,
          "revision": "d50af29b142712c897449ac61a1287cdac077d47",
          "version": "1.61.0"
        }
      }
    ]
  },
  "version": 1
}
